
Microsoft Visual Studio Solution File, Format Version 12.00
# Visual Studio Version 16
VisualStudioVersion = 16.0.29609.76
MinimumVisualStudioVersion = 10.0.40219.1
Project("{FAE04EC0-301F-11D3-BF4B-00C04F79EFBC}") = "SparePartRequest", "SparePartRequest\SparePartRequest.csproj", "{DBEC7398-BCFA-4FA9-BEE8-921CD9F5D11A}"
EndProject
Global
	GlobalSection(SolutionConfigurationPlatforms) = preSolution
		Debug|Any CPU = Debug|Any CPU
		Release|Any CPU = Release|Any CPU
	EndGlobalSection
	GlobalSection(ProjectConfigurationPlatforms) = postSolution
		{DBEC7398-BCFA-4FA9-BEE8-921CD9F5D11A}.Debug|Any CPU.ActiveCfg = Debug|Any CPU
		{DBEC7398-BCFA-4FA9-BEE8-921CD9F5D11A}.Debug|Any CPU.Build.0 = Debug|Any CPU
		{DBEC7398-BCFA-4FA9-BEE8-921CD9F5D11A}.Release|Any CPU.ActiveCfg = Release|Any CPU
		{DBEC7398-BCFA-4FA9-BEE8-921CD9F5D11A}.Release|Any CPU.Build.0 = Release|Any CPU
	EndGlobalSection
	GlobalSection(SolutionProperties) = preSolution
		HideSolutionNode = FALSE
	EndGlobalSection
	GlobalSection(ExtensibilityGlobals) = postSolution
		SolutionGuid = {70690B32-5B5D-4D9D-8F61-4ED0522A3D7B}
	EndGlobalSection
EndGlobal
